
Microsoft Visual Studio Solution File, Format Version 12.00
# Visual Studio 15
VisualStudioVersion = 15.0.28307.421
MinimumVisualStudioVersion = 10.0.40219.1
Project("{8BC9CEB8-8B4A-11D0-8D11-00A0C91BC942}") = "MoreModels", "MoreModels.vcxproj", "{00F4F373-6893-4504-BFB7-B3D5C133605D}"
EndProject
Global
	GlobalSection(SolutionConfigurationPlatforms) = preSolution
		Debug|x64 = Debug|x64
		Debug|x86 = Debug|x86
		Release|x64 = Release|x64
		Release|x86 = Release|x86
	EndGlobalSection
	GlobalSection(ProjectConfigurationPlatforms) = postSolution
		{00F4F373-6893-4504-BFB7-B3D5C133605D}.Debug|x64.ActiveCfg = Debug|x64
		{00F4F373-6893-4504-BFB7-B3D5C133605D}.Debug|x64.Build.0 = Debug|x64
		{00F4F373-6893-4504-BFB7-B3D5C133605D}.Debug|x86.ActiveCfg = Debug|Win32
		{00F4F373-6893-4504-BFB7-B3D5C133605D}.Debug|x86.Build.0 = Debug|Win32
		{00F4F373-6893-4504-BFB7-B3D5C133605D}.Release|x64.ActiveCfg = Release|x64
		{00F4F373-6893-4504-BFB7-B3D5C133605D}.Release|x64.Build.0 = Release|x64
		{00F4F373-6893-4504-BFB7-B3D5C133605D}.Release|x86.ActiveCfg = Release|Win32
		{00F4F373-6893-4504-BFB7-B3D5C133605D}.Release|x86.Build.0 = Release|Win32
	EndGlobalSection
	GlobalSection(SolutionProperties) = preSolution
		HideSolutionNode = FALSE
	EndGlobalSection
	GlobalSection(ExtensibilityGlobals) = postSolution
		SolutionGuid = {BA50C939-BF4C-4401-9DAA-A9529F5920FE}
	EndGlobalSection
EndGlobal
