<?xml version="1.0" encoding="utf-8"?>
<Project ToolsVersion="4.0" xmlns="http://schemas.microsoft.com/developer/msbuild/2003">
  <ItemGroup>
    <Filter Include="Source Files">
      <UniqueIdentifier>{4FC737F1-C7A5-4376-A066-2A32D752A2FF}</UniqueIdentifier>
      <Extensions>cpp;c;cc;cxx;def;odl;idl;hpj;bat;asm;asmx</Extensions>
    </Filter>
    <Filter Include="Header Files">
      <UniqueIdentifier>{93995380-89BD-4b04-88EB-625FBE52EBFB}</UniqueIdentifier>
      <Extensions>h;hh;hpp;hxx;hm;inl;inc;xsd</Extensions>
    </Filter>
    <Filter Include="Resource Files">
      <UniqueIdentifier>{67DA6AB6-F800-4c08-8B7A-83BB121AAD01}</UniqueIdentifier>
      <Extensions>rc;ico;cur;bmp;dlg;rc2;rct;bin;rgs;gif;jpg;jpeg;jpe;resx;tiff;tif;png;wav;mfcribbon-ms</Extensions>
    </Filter>
    <Filter Include="Source Files\Humans">
      <UniqueIdentifier>{c04c8e68-a480-48e1-8223-6552a07d2692}</UniqueIdentifier>
    </Filter>
    <Filter Include="Source Files\Mobs">
      <UniqueIdentifier>{6897e1b0-bc72-4035-bfc1-a48cd5e49b9d}</UniqueIdentifier>
    </Filter>
    <Filter Include="Source Files\Props">
      <UniqueIdentifier>{17fce138-9406-4e3e-b9b8-c761021f60ab}</UniqueIdentifier>
    </Filter>
  </ItemGroup>
  <ItemGroup>
    <ClCompile Include="MoreModels.c">
      <Filter>Source Files</Filter>
    </ClCompile>
    <ClCompile Include="Props\CarModel.c">
      <Filter>Source Files\Props</Filter>
    </ClCompile>
    <ClCompile Include="Props\ChairModel.c">
      <Filter>Source Files\Props</Filter>
    </ClCompile>
    <ClCompile Include="Props\TableModel.c">
      <Filter>Source Files\Props</Filter>
    </ClCompile>
    <ClCompile Include="Props\TVModel.c">
      <Filter>Source Files\Props</Filter>
    </ClCompile>
    <ClCompile Include="Mobs\CaveSpiderModel.c">
      <Filter>Source Files\Mobs</Filter>
    </ClCompile>
    <ClCompile Include="Humans\ChibiSitModel.c">
      <Filter>Source Files\Humans</Filter>
    </ClCompile>
    <ClCompile Include="Humans\TModel.c">
      <Filter>Source Files\Humans</Filter>
    </ClCompile>
    <ClCompile Include="Mobs\CowModel.c">
      <Filter>Source Files\Mobs</Filter>
    </ClCompile>
    <ClCompile Include="Mobs\EndermanModel.c">
      <Filter>Source Files\Mobs</Filter>
    </ClCompile>
    <ClCompile Include="Mobs\MagmaCubeModel.c">
      <Filter>Source Files\Mobs</Filter>
    </ClCompile>
    <ClCompile Include="Mobs\Skeletons.c">
      <Filter>Source Files\Mobs</Filter>
    </ClCompile>
    <ClCompile Include="Mobs\SlimeModel.c">
      <Filter>Source Files\Mobs</Filter>
    </ClCompile>
    <ClCompile Include="Mobs\VillagerModel.c">
      <Filter>Source Files\Mobs</Filter>
    </ClCompile>
    <ClCompile Include="Mobs\Zombies.c">
      <Filter>Source Files\Mobs</Filter>
    </ClCompile>
    <ClCompile Include="Mobs\ZombieVillagerModel.c">
      <Filter>Source Files\Mobs</Filter>
    </ClCompile>
    <ClCompile Include="Props\Printer.c">
      <Filter>Source Files\Props</Filter>
    </ClCompile>
    <ClCompile Include="Humans\Male.c">
      <Filter>Source Files\Humans</Filter>
    </ClCompile>
    <ClCompile Include="Humans\CapeModel.c">
      <Filter>Source Files\Humans</Filter>
    </ClCompile>
    <ClCompile Include="Humans\Holding.c">
      <Filter>Source Files\Humans</Filter>
    </ClCompile>
    <ClCompile Include="Mobs\Croc.c">
      <Filter>Source Files\Mobs</Filter>
    </ClCompile>
  </ItemGroup>
  <ItemGroup>
    <ClInclude Include="Common.h">
      <Filter>Header Files</Filter>
    </ClInclude>
  </ItemGroup>
</Project>